
Microsoft Visual Studio Solution File, Format Version 12.00
# Visual Studio Version 17
VisualStudioVersion = 17.3.32929.385
MinimumVisualStudioVersion = 10.0.40219.1
Project("{FAE04EC0-301F-11D3-BF4B-00C04F79EFBC}") = "Ejemplo-Pokemons-2", "Ejemplo-Pokemons-2\Ejemplo-Pokemons-2.csproj", "{B86ADA0E-7726-45F8-8D2A-A209150127D6}"
EndProject
Global
	GlobalSection(SolutionConfigurationPlatforms) = preSolution
		Debug|Any CPU = Debug|Any CPU
		Release|Any CPU = Release|Any CPU
	EndGlobalSection
	GlobalSection(ProjectConfigurationPlatforms) = postSolution
		{B86ADA0E-7726-45F8-8D2A-A209150127D6}.Debug|Any CPU.ActiveCfg = Debug|Any CPU
		{B86ADA0E-7726-45F8-8D2A-A209150127D6}.Debug|Any CPU.Build.0 = Debug|Any CPU
		{B86ADA0E-7726-45F8-8D2A-A209150127D6}.Release|Any CPU.ActiveCfg = Release|Any CPU
		{B86ADA0E-7726-45F8-8D2A-A209150127D6}.Release|Any CPU.Build.0 = Release|Any CPU
	EndGlobalSection
	GlobalSection(SolutionProperties) = preSolution
		HideSolutionNode = FALSE
	EndGlobalSection
	GlobalSection(ExtensibilityGlobals) = postSolution
		SolutionGuid = {F24FC5B1-E3B5-4CCC-9DEC-12976212FDDD}
	EndGlobalSection
EndGlobal
